PODS:
  - Flutter (1.0.0)
  - flutter_lyric (0.0.1):
    - Flutter

DEPENDENCIES:
  - Flutter (from `.symlinks/flutter/ios`)
  - flutter_lyric (from `.symlinks/plugins/flutter_lyric/ios`)

EXTERNAL SOURCES:
  Flutter:
    :path: ".symlinks/flutter/ios"
  flutter_lyric:
    :path: ".symlinks/plugins/flutter_lyric/ios"

SPEC CHECKSUMS:
  Flutter: 0e3d915762c693b495b44d77113d4970485de6ec
  flutter_lyric: 52c16ab791b5b574df2e9daabbf01b110e57ec71

PODFILE CHECKSUM: 10ae9c18d12c9ffc2275c9a159a3b1e281990db0

COCOAPODS: 1.8.4
